
Microsoft Visual Studio Solution File, Format Version 12.00
# Visual Studio Version 17
VisualStudioVersion = 17.9.34728.123
MinimumVisualStudioVersion = 10.0.40219.1
Project("{9A19103F-16F7-4668-BE54-9A1E7A4F7556}") = "DataFileSyncer", "SaveDataSync\DataFileSyncer.csproj", "{9F8D69E8-AA52-44C6-8A57-77511B6B224C}"
EndProject
Project("{9A19103F-16F7-4668-BE54-9A1E7A4F7556}") = "SharedLibrary", "SharedLibrary\SharedLibrary.csproj", "{B9DBDFC6-C752-471C-BFB4-1744878A5A07}"
EndProject
Project("{9A19103F-16F7-4668-BE54-9A1E7A4F7556}") = "SystemEventSubscriber", "SystemEventSubscriber\SystemEventSubscriber.csproj", "{CE6D24A3-686D-417A-B8F4-F6228141B6E8}"
EndProject
Project("{FAE04EC0-301F-11D3-BF4B-00C04F79EFBC}") = "ResourceLibrary", "ResourceLibrary\ResourceLibrary.csproj", "{3DB2F528-407E-46CB-894C-D6D859D80A0A}"
EndProject
Global
	GlobalSection(SolutionConfigurationPlatforms) = preSolution
		Debug|Any CPU = Debug|Any CPU
		Release|Any CPU = Release|Any CPU
	EndGlobalSection
	GlobalSection(ProjectConfigurationPlatforms) = postSolution
		{9F8D69E8-AA52-44C6-8A57-77511B6B224C}.Debug|Any CPU.ActiveCfg = Debug|Any CPU
		{9F8D69E8-AA52-44C6-8A57-77511B6B224C}.Debug|Any CPU.Build.0 = Debug|Any CPU
		{9F8D69E8-AA52-44C6-8A57-77511B6B224C}.Release|Any CPU.ActiveCfg = Release|Any CPU
		{9F8D69E8-AA52-44C6-8A57-77511B6B224C}.Release|Any CPU.Build.0 = Release|Any CPU
		{B9DBDFC6-C752-471C-BFB4-1744878A5A07}.Debug|Any CPU.ActiveCfg = Debug|Any CPU
		{B9DBDFC6-C752-471C-BFB4-1744878A5A07}.Debug|Any CPU.Build.0 = Debug|Any CPU
		{B9DBDFC6-C752-471C-BFB4-1744878A5A07}.Release|Any CPU.ActiveCfg = Release|Any CPU
		{B9DBDFC6-C752-471C-BFB4-1744878A5A07}.Release|Any CPU.Build.0 = Release|Any CPU
		{CE6D24A3-686D-417A-B8F4-F6228141B6E8}.Debug|Any CPU.ActiveCfg = Debug|Any CPU
		{CE6D24A3-686D-417A-B8F4-F6228141B6E8}.Debug|Any CPU.Build.0 = Debug|Any CPU
		{CE6D24A3-686D-417A-B8F4-F6228141B6E8}.Release|Any CPU.ActiveCfg = Release|Any CPU
		{CE6D24A3-686D-417A-B8F4-F6228141B6E8}.Release|Any CPU.Build.0 = Release|Any CPU
		{3DB2F528-407E-46CB-894C-D6D859D80A0A}.Debug|Any CPU.ActiveCfg = Debug|Any CPU
		{3DB2F528-407E-46CB-894C-D6D859D80A0A}.Debug|Any CPU.Build.0 = Debug|Any CPU
		{3DB2F528-407E-46CB-894C-D6D859D80A0A}.Release|Any CPU.ActiveCfg = Release|Any CPU
		{3DB2F528-407E-46CB-894C-D6D859D80A0A}.Release|Any CPU.Build.0 = Release|Any CPU
	EndGlobalSection
	GlobalSection(SolutionProperties) = preSolution
		HideSolutionNode = FALSE
	EndGlobalSection
	GlobalSection(ExtensibilityGlobals) = postSolution
		SolutionGuid = {4E49C178-C592-42FF-A3EE-EB2794E54F23}
	EndGlobalSection
EndGlobal
